{
  "lockfileVersion": 0,
  "workspaces": {
    "": {
      "devDependencies": {
        "turbo": "^2.3.3",
      },
    },
    "pkg/core": {
      "name": "@ghostry/finity-core",
      "version": "0.0.2",
      "devDependencies": {
        "typescript": "^5.7.2",
      },
    },
    "pkg/reactjs": {
      "name": "@ghostry/finity-reactjs",
      "version": "0.0.2",
      "dependencies": {
        "@ghostry/finity-core": "pkg/core",
      },
      "devDependencies": {
        "@types/react": "*",
        "typescript": "^5.7.2",
      },
      "peerDependencies": {
        "react": ">=16.8",
      },
    },
    "pkg/solidjs": {
      "name": "@ghostry/finity-solidjs",
      "version": "0.0.2",
      "dependencies": {
        "@ghostry/finity-core": "pkg/core",
      },
      "devDependencies": {
        "solid-js": ">=1",
        "typescript": "^5.7.2",
      },
      "peerDependencies": {
        "solid-js": ">=1",
      },
    },
  },
  "packages": {
    "@ghostry/finity-core": ["@ghostry/finity-core@workspace:pkg/core", { "devDependencies": { "typescript": "^5.7.2" } }],

    "@ghostry/finity-reactjs": ["@ghostry/finity-reactjs@workspace:pkg/reactjs", { "dependencies": { "@ghostry/finity-core": "pkg/core" }, "devDependencies": { "@types/react": "*", "typescript": "^5.7.2" }, "peerDependencies": { "react": ">=16.8" } }],

    "@ghostry/finity-solidjs": ["@ghostry/finity-solidjs@workspace:pkg/solidjs", { "dependencies": { "@ghostry/finity-core": "pkg/core" }, "devDependencies": { "solid-js": ">=1", "typescript": "^5.7.2" }, "peerDependencies": { "solid-js": ">=1" } }],

    "@types/react": ["@types/react@19.0.2", "", { "dependencies": { "csstype": "^3.0.2" } }, "sha512-USU8ZI/xyKJwFTpjSVIrSeHBVAGagkHQKPNbxeWwql/vDmnTIBgx+TJnhFnj1NXgz8XfprU0egV2dROLGpsBEg=="],

    "csstype": ["csstype@3.1.3", "", {}, "sha512-M1uQkMl8rQK/szD0LNhtqxIPLpimGm8sOBwU7lLnCpSbTyY3yeU1Vc7l4KT5zT4s/yOxHH5O7tIuuLOCnLADRw=="],

    "react": ["react@19.0.0", "", {}, "sha512-V8AVnmPIICiWpGfm6GLzCR/W5FXLchHop40W4nXBmdlEceh16rCN8O8LNWm5bh5XUX91fh7KpA+W0TgMKmgTpQ=="],

    "seroval": ["seroval@1.1.1", "", {}, "sha512-rqEO6FZk8mv7Hyv4UCj3FD3b6Waqft605TLfsCe/BiaylRpyyMC0b+uA5TJKawX3KzMrdi3wsLbCaLplrQmBvQ=="],

    "seroval-plugins": ["seroval-plugins@1.1.1", "", { "peerDependencies": { "seroval": "^1.0" } }, "sha512-qNSy1+nUj7hsCOon7AO4wdAIo9P0jrzAMp18XhiOzA6/uO5TKtP7ScozVJ8T293oRIvi5wyCHSM4TrJo/c/GJA=="],

    "solid-js": ["solid-js@1.9.3", "", { "dependencies": { "csstype": "^3.1.0", "seroval": "^1.1.0", "seroval-plugins": "^1.1.0" } }, "sha512-5ba3taPoZGt9GY3YlsCB24kCg0Lv/rie/HTD4kG6h4daZZz7+yK02xn8Vx8dLYBc9i6Ps5JwAbEiqjmKaLB3Ag=="],

    "turbo": ["turbo@2.3.3", "", { "optionalDependencies": { "turbo-darwin-64": "2.3.3", "turbo-darwin-arm64": "2.3.3", "turbo-linux-64": "2.3.3", "turbo-linux-arm64": "2.3.3", "turbo-windows-64": "2.3.3", "turbo-windows-arm64": "2.3.3" }, "bin": { "turbo": "bin/turbo" } }, "sha512-DUHWQAcC8BTiUZDRzAYGvpSpGLiaOQPfYXlCieQbwUvmml/LRGIe3raKdrOPOoiX0DYlzxs2nH6BoWJoZrj8hA=="],

    "turbo-darwin-64": ["turbo-darwin-64@2.3.3", "", { "os": "darwin", "cpu": "x64" }, "sha512-bxX82xe6du/3rPmm4aCC5RdEilIN99VUld4HkFQuw+mvFg6darNBuQxyWSHZTtc25XgYjQrjsV05888w1grpaA=="],

    "turbo-darwin-arm64": ["turbo-darwin-arm64@2.3.3", "", { "os": "darwin", "cpu": "arm64" }, "sha512-DYbQwa3NsAuWkCUYVzfOUBbSUBVQzH5HWUFy2Kgi3fGjIWVZOFk86ss+xsWu//rlEAfYwEmopigsPYSmW4X15A=="],

    "turbo-linux-64": ["turbo-linux-64@2.3.3", "", { "os": "linux", "cpu": "x64" }, "sha512-eHj9OIB0dFaP6BxB88jSuaCLsOQSYWBgmhy2ErCu6D2GG6xW3b6e2UWHl/1Ho9FsTg4uVgo4DB9wGsKa5erjUA=="],

    "turbo-linux-arm64": ["turbo-linux-arm64@2.3.3", "", { "os": "linux", "cpu": "arm64" }, "sha512-NmDE/NjZoDj1UWBhMtOPmqFLEBKhzGS61KObfrDEbXvU3lekwHeoPvAMfcovzswzch+kN2DrtbNIlz+/rp8OCg=="],

    "turbo-windows-64": ["turbo-windows-64@2.3.3", "", { "os": "win32", "cpu": "x64" }, "sha512-O2+BS4QqjK3dOERscXqv7N2GXNcqHr9hXumkMxDj/oGx9oCatIwnnwx34UmzodloSnJpgSqjl8iRWiY65SmYoQ=="],

    "turbo-windows-arm64": ["turbo-windows-arm64@2.3.3", "", { "os": "win32", "cpu": "arm64" }, "sha512-dW4ZK1r6XLPNYLIKjC4o87HxYidtRRcBeo/hZ9Wng2XM/MqqYkAyzJXJGgRMsc0MMEN9z4+ZIfnSNBrA0b08ag=="],

    "typescript": ["typescript@5.7.2", "", { "bin": { "tsc": "bin/tsc", "tsserver": "bin/tsserver" } }, "sha512-i5t66RHxDvVN40HfDd1PsEThGNnlMCMT3jMUuoh9/0TaqWevNontacunWyN02LA9/fIbEWlcHZcgTKb9QoaLfg=="],
  }
}
